
Microsoft Visual Studio Solution File, Format Version 12.00
# Visual Studio Version 16
VisualStudioVersion = 16.0.31205.134
MinimumVisualStudioVersion = 10.0.40219.1
Project("{9A19103F-16F7-4668-BE54-9A1E7A4F7556}") = "Team14", "Team14.csproj", "{B3155A7D-F1C9-4217-8A2F-322FE7562CE2}"
EndProject
Project("{FAE04EC0-301F-11D3-BF4B-00C04F79EFBC}") = "ClassLibrary1", "..\ClassLibrary1\ClassLibrary1.csproj", "{50B87F70-3D4C-4FDF-BB39-F31E5C469211}"
EndProject
Global
	GlobalSection(SolutionConfigurationPlatforms) = preSolution
		Debug|Any CPU = Debug|Any CPU
		Release|Any CPU = Release|Any CPU
	EndGlobalSection
	GlobalSection(ProjectConfigurationPlatforms) = postSolution
		{B3155A7D-F1C9-4217-8A2F-322FE7562CE2}.Debug|Any CPU.ActiveCfg = Debug|Any CPU
		{B3155A7D-F1C9-4217-8A2F-322FE7562CE2}.Debug|Any CPU.Build.0 = Debug|Any CPU
		{B3155A7D-F1C9-4217-8A2F-322FE7562CE2}.Release|Any CPU.ActiveCfg = Release|Any CPU
		{B3155A7D-F1C9-4217-8A2F-322FE7562CE2}.Release|Any CPU.Build.0 = Release|Any CPU
		{50B87F70-3D4C-4FDF-BB39-F31E5C469211}.Debug|Any CPU.ActiveCfg = Debug|Any CPU
		{50B87F70-3D4C-4FDF-BB39-F31E5C469211}.Debug|Any CPU.Build.0 = Debug|Any CPU
		{50B87F70-3D4C-4FDF-BB39-F31E5C469211}.Release|Any CPU.ActiveCfg = Release|Any CPU
		{50B87F70-3D4C-4FDF-BB39-F31E5C469211}.Release|Any CPU.Build.0 = Release|Any CPU
	EndGlobalSection
	GlobalSection(SolutionProperties) = preSolution
		HideSolutionNode = FALSE
	EndGlobalSection
	GlobalSection(ExtensibilityGlobals) = postSolution
		SolutionGuid = {44BA9E79-A17C-482D-805B-524F0FE8AE36}
	EndGlobalSection
EndGlobal
