
Microsoft Visual Studio Solution File, Format Version 12.00
# Visual Studio Version 16
VisualStudioVersion = 16.0.31205.134
MinimumVisualStudioVersion = 10.0.40219.1
Project("{FAE04EC0-301F-11D3-BF4B-00C04F79EFBC}") = "Team14", "Team14.csproj", "{B3155A7D-F1C9-4217-8A2F-322FE7562CE2}"
EndProject
Project("{FAE04EC0-301F-11D3-BF4B-00C04F79EFBC}") = "Tests", "Tests\Tests.csproj", "{0FF615B4-31A9-4967-B981-EBA7E2C43FA5}"
EndProject
Global
	GlobalSection(SolutionConfigurationPlatforms) = preSolution
		Debug|Any CPU = Debug|Any CPU
		Release|Any CPU = Release|Any CPU
	EndGlobalSection
	GlobalSection(ProjectConfigurationPlatforms) = postSolution
		{B3155A7D-F1C9-4217-8A2F-322FE7562CE2}.Debug|Any CPU.ActiveCfg = Debug|Any CPU
		{B3155A7D-F1C9-4217-8A2F-322FE7562CE2}.Debug|Any CPU.Build.0 = Debug|Any CPU
		{B3155A7D-F1C9-4217-8A2F-322FE7562CE2}.Release|Any CPU.ActiveCfg = Release|Any CPU
		{B3155A7D-F1C9-4217-8A2F-322FE7562CE2}.Release|Any CPU.Build.0 = Release|Any CPU
		{0FF615B4-31A9-4967-B981-EBA7E2C43FA5}.Debug|Any CPU.ActiveCfg = Debug|Any CPU
		{0FF615B4-31A9-4967-B981-EBA7E2C43FA5}.Debug|Any CPU.Build.0 = Debug|Any CPU
		{0FF615B4-31A9-4967-B981-EBA7E2C43FA5}.Release|Any CPU.ActiveCfg = Release|Any CPU
		{0FF615B4-31A9-4967-B981-EBA7E2C43FA5}.Release|Any CPU.Build.0 = Release|Any CPU
	EndGlobalSection
	GlobalSection(SolutionProperties) = preSolution
		HideSolutionNode = FALSE
	EndGlobalSection
	GlobalSection(ExtensibilityGlobals) = postSolution
		SolutionGuid = {44BA9E79-A17C-482D-805B-524F0FE8AE36}
	EndGlobalSection
EndGlobal
